
Microsoft Visual Studio Solution File, Format Version 12.00
# Visual Studio Version 16
VisualStudioVersion = 16.0.30204.135
MinimumVisualStudioVersion = 10.0.40219.1
Project("{FAE04EC0-301F-11D3-BF4B-00C04F79EFBC}") = "ThreadOverheadExample", "ThreadOverheadExample\ThreadOverheadExample.csproj", "{499120DD-C5A0-42A1-858B-3454642BB294}"
EndProject
Project("{FAE04EC0-301F-11D3-BF4B-00C04F79EFBC}") = "ThreadOverheadExampleNetFramework", "ThreadOverheadExampleNetFramework\ThreadOverheadExampleNetFramework.csproj", "{D294A44A-CE9B-4710-B819-77B217AD438D}"
EndProject
Global
	GlobalSection(SolutionConfigurationPlatforms) = preSolution
		Debug|Any CPU = Debug|Any CPU
		Release|Any CPU = Release|Any CPU
	EndGlobalSection
	GlobalSection(ProjectConfigurationPlatforms) = postSolution
		{499120DD-C5A0-42A1-858B-3454642BB294}.Debug|Any CPU.ActiveCfg = Debug|Any CPU
		{499120DD-C5A0-42A1-858B-3454642BB294}.Debug|Any CPU.Build.0 = Debug|Any CPU
		{499120DD-C5A0-42A1-858B-3454642BB294}.Release|Any CPU.ActiveCfg = Release|Any CPU
		{499120DD-C5A0-42A1-858B-3454642BB294}.Release|Any CPU.Build.0 = Release|Any CPU
		{D294A44A-CE9B-4710-B819-77B217AD438D}.Debug|Any CPU.ActiveCfg = Debug|Any CPU
		{D294A44A-CE9B-4710-B819-77B217AD438D}.Debug|Any CPU.Build.0 = Debug|Any CPU
		{D294A44A-CE9B-4710-B819-77B217AD438D}.Release|Any CPU.ActiveCfg = Release|Any CPU
		{D294A44A-CE9B-4710-B819-77B217AD438D}.Release|Any CPU.Build.0 = Release|Any CPU
	EndGlobalSection
	GlobalSection(SolutionProperties) = preSolution
		HideSolutionNode = FALSE
	EndGlobalSection
	GlobalSection(ExtensibilityGlobals) = postSolution
		SolutionGuid = {7E22F7E5-F7DE-47AA-A823-0EA9AD1341FA}
	EndGlobalSection
EndGlobal
